// !$*UTF8*$!
{
	archiveVersion = 1;
	classes = {
	};
	objectVersion = 46;
	objects = {

/* Begin PBXBuildFile section */
		D8A83E721A55BA950047BBB6 /* AppDelegate.swift in Sources */ = {isa = PBXBuildFile; fileRef = D8A83E711A55BA950047BBB6 /* AppDelegate.swift */; };
		D8A83E741A55BA950047BBB6 /* ViewController.swift in Sources */ = {isa = PBXBuildFile; fileRef = D8A83E731A55BA950047BBB6 /* ViewController.swift */; };
		D8A83E771A55BA950047BBB6 /* Main.storyboard in Resources */ = {isa = PBXBuildFile; fileRef = D8A83E751A55BA950047BBB6 /* Main.storyboard */; };
		D8A83E791A55BA950047BBB6 /* Images.xcassets in Resources */ = {isa = PBXBuildFile; fileRef = D8A83E781A55BA950047BBB6 /* Images.xcassets */; };
		D8A83E7C1A55BA950047BBB6 /* LaunchScreen.xib in Resources */ = {isa = PBXBuildFile; fileRef = D8A83E7A1A55BA950047BBB6 /* LaunchScreen.xib */; };
		D8A83E881A55BA950047BBB6 /* Post1Tests.swift in Sources */ = {isa = PBXBuildFile; fileRef = D8A83E871A55BA950047BBB6 /* Post1Tests.swift */; };
		D8A83E921A55BE480047BBB6 /* SagradaFamilia.jpeg in Resources */ = {isa = PBXBuildFile; fileRef = D8A83E911A55BE480047BBB6 /* SagradaFamilia.jpeg */; };
		D8A83E941A55C2AB0047BBB6 /* AlbertEinsteinStamp.jpg in Resources */ = {isa = PBXBuildFile; fileRef = D8A83E931A55C2AB0047BBB6 /* AlbertEinsteinStamp.jpg */; };
/* End PBXBuildFile section */

/* Begin PBXContainerItemProxy section */
		D8A83E821A55BA950047BBB6 /* PBXContainerItemProxy */ = {
			isa = PBXContainerItemProxy;
			containerPortal = D8A83E641A55BA950047BBB6 /* Project object */;
			proxyType = 1;
			remoteGlobalIDString = D8A83E6B1A55BA950047BBB6;
			remoteInfo = Post1;
		};
/* End PBXContainerItemProxy section */

/* Begin PBXFileReference section */
		D8A83E6C1A55BA950047BBB6 /* Post1.app */ = {isa = PBXFileReference; explicitFileType = wrapper.application; includeInIndex = 0; path = Post1.app; sourceTree = BUILT_PRODUCTS_DIR; };
		D8A83E701A55BA950047BBB6 /* Info.plist */ = {isa = PBXFileReference; lastKnownFileType = text.plist.xml; path = Info.plist; sourceTree = "<group>"; };
		D8A83E711A55BA950047BBB6 /* AppDelegate.swift */ = {isa = PBXFileReference; lastKnownFileType = sourcecode.swift; path = AppDelegate.swift; sourceTree = "<group>"; };
		D8A83E731A55BA950047BBB6 /* ViewController.swift */ = {isa = PBXFileReference; lastKnownFileType = sourcecode.swift; path = ViewController.swift; sourceTree = "<group>"; };
		D8A83E761A55BA950047BBB6 /* Base */ = {isa = PBXFileReference; lastKnownFileType = file.storyboard; name = Base; path = Base.lproj/Main.storyboard; sourceTree = "<group>"; };
		D8A83E781A55BA950047BBB6 /* Images.xcassets */ = {isa = PBXFileReference; lastKnownFileType = folder.assetcatalog; path = Images.xcassets; sourceTree = "<group>"; };
		D8A83E7B1A55BA950047BBB6 /* Base */ = {isa = PBXFileReference; lastKnownFileType = file.xib; name = Base; path = Base.lproj/LaunchScreen.xib; sourceTree = "<group>"; };
		D8A83E811A55BA950047BBB6 /* Post1Tests.xctest */ = {isa = PBXFileReference; explicitFileType = wrapper.cfbundle; includeInIndex = 0; path = Post1Tests.xctest; sourceTree = BUILT_PRODUCTS_DIR; };
		D8A83E861A55BA950047BBB6 /* Info.plist */ = {isa = PBXFileReference; lastKnownFileType = text.plist.xml; path = Info.plist; sourceTree = "<group>"; };
		D8A83E871A55BA950047BBB6 /* Post1Tests.swift */ = {isa = PBXFileReference; lastKnownFileType = sourcecode.swift; path = Post1Tests.swift; sourceTree = "<group>"; };
		D8A83E911A55BE480047BBB6 /* SagradaFamilia.jpeg */ = {isa = PBXFileReference; lastKnownFileType = image.jpeg; path = SagradaFamilia.jpeg; sourceTree = "<group>"; };
		D8A83E931A55C2AB0047BBB6 /* AlbertEinsteinStamp.jpg */ = {isa = PBXFileReference; lastKnownFileType = image.jpeg; path = AlbertEinsteinStamp.jpg; sourceTree = "<group>"; };
/* End PBXFileReference section */

/* Begin PBXFrameworksBuildPhase section */
		D8A83E691A55BA950047BBB6 /* Frameworks */ = {
			isa = PBXFrameworksBuildPhase;
			buildActionMask = 2147483647;
			files = (
			);
			runOnlyForDeploymentPostprocessing = 0;
		};
		D8A83E7E1A55BA950047BBB6 /* Frameworks */ = {
			isa = PBXFrameworksBuildPhase;
			buildActionMask = 2147483647;
			files = (
			);
			runOnlyForDeploymentPostprocessing = 0;
		};
/* End PBXFrameworksBuildPhase section */

/* Begin PBXGroup section */
		D8A83E631A55BA950047BBB6 = {
			isa = PBXGroup;
			children = (
				D8A83E6E1A55BA950047BBB6 /* Post1 */,
				D8A83E841A55BA950047BBB6 /* Post1Tests */,
				D8A83E6D1A55BA950047BBB6 /* Products */,
			);
			sourceTree = "<group>";
		};
		D8A83E6D1A55BA950047BBB6 /* Products */ = {
			isa = PBXGroup;
			children = (
				D8A83E6C1A55BA950047BBB6 /* Post1.app */,
				D8A83E811A55BA950047BBB6 /* Post1Tests.xctest */,
			);
			name = Products;
			sourceTree = "<group>";
		};
		D8A83E6E1A55BA950047BBB6 /* Post1 */ = {
			isa = PBXGroup;
			children = (
				D8A83E711A55BA950047BBB6 /* AppDelegate.swift */,
				D8A83E731A55BA950047BBB6 /* ViewController.swift */,
				D8A83E751A55BA950047BBB6 /* Main.storyboard */,
				D8A83E781A55BA950047BBB6 /* Images.xcassets */,
				D8A83E7A1A55BA950047BBB6 /* LaunchScreen.xib */,
				D8A83E6F1A55BA950047BBB6 /* Supporting Files */,
			);
			path = Post1;
			sourceTree = "<group>";
		};
		D8A83E6F1A55BA950047BBB6 /* Supporting Files */ = {
			isa = PBXGroup;
			children = (
				D8A83E931A55C2AB0047BBB6 /* AlbertEinsteinStamp.jpg */,
				D8A83E911A55BE480047BBB6 /* SagradaFamilia.jpeg */,
				D8A83E701A55BA950047BBB6 /* Info.plist */,
			);
			name = "Supporting Files";
			sourceTree = "<group>";
		};
		D8A83E841A55BA950047BBB6 /* Post1Tests */ = {
			isa = PBXGroup;
			children = (
				D8A83E871A55BA950047BBB6 /* Post1Tests.swift */,
				D8A83E851A55BA950047BBB6 /* Supporting Files */,
			);
			path = Post1Tests;
			sourceTree = "<group>";
		};
		D8A83E851A55BA950047BBB6 /* Supporting Files */ = {
			isa = PBXGroup;
			children = (
				D8A83E861A55BA950047BBB6 /* Info.plist */,
			);
			name = "Supporting Files";
			sourceTree = "<group>";
		};
/* End PBXGroup section */

/* Begin PBXNativeTarget section */
		D8A83E6B1A55BA950047BBB6 /* Post1 */ = {
			isa = PBXNativeTarget;
			buildConfigurationList = D8A83E8B1A55BA950047BBB6 /* Build configuration list for PBXNativeTarget "Post1" */;
			buildPhases = (
				D8A83E681A55BA950047BBB6 /* Sources */,
				D8A83E691A55BA950047BBB6 /* Frameworks */,
				D8A83E6A1A55BA950047BBB6 /* Resources */,
			);
			buildRules = (
			);
			dependencies = (
			);
			name = Post1;
			productName = Post1;
			productReference = D8A83E6C1A55BA950047BBB6 /* Post1.app */;
			productType = "com.apple.product-type.application";
		};
		D8A83E801A55BA950047BBB6 /* Post1Tests */ = {
			isa = PBXNativeTarget;
			buildConfigurationList = D8A83E8E1A55BA950047BBB6 /* Build configuration list for PBXNativeTarget "Post1Tests" */;
			buildPhases = (
				D8A83E7D1A55BA950047BBB6 /* Sources */,
				D8A83E7E1A55BA950047BBB6 /* Frameworks */,
				D8A83E7F1A55BA950047BBB6 /* Resources */,
			);
			buildRules = (
			);
			dependencies = (
				D8A83E831A55BA950047BBB6 /* PBXTargetDependency */,
			);
			name = Post1Tests;
			productName = Post1Tests;
			productReference = D8A83E811A55BA950047BBB6 /* Post1Tests.xctest */;
			productType = "com.apple.product-type.bundle.unit-test";
		};
/* End PBXNativeTarget section */

/* Begin PBXProject section */
		D8A83E641A55BA950047BBB6 /* Project object */ = {
			isa = PBXProject;
			attributes = {
				LastUpgradeCheck = 0610;
				ORGANIZATIONNAME = "Sanem Avcil";
				TargetAttributes = {
					D8A83E6B1A55BA950047BBB6 = {
						CreatedOnToolsVersion = 6.1.1;
					};
					D8A83E801A55BA950047BBB6 = {
						CreatedOnToolsVersion = 6.1.1;
						TestTargetID = D8A83E6B1A55BA950047BBB6;
					};
				};
			};
			buildConfigurationList = D8A83E671A55BA950047BBB6 /* Build configuration list for PBXProject "Post1" */;
			compatibilityVersion = "Xcode 3.2";
			developmentRegion = English;
			hasScannedForEncodings = 0;
			knownRegions = (
				en,
				Base,
			);
			mainGroup = D8A83E631A55BA950047BBB6;
			productRefGroup = D8A83E6D1A55BA950047BBB6 /* Products */;
			projectDirPath = "";
			projectRoot = "";
			targets = (
				D8A83E6B1A55BA950047BBB6 /* Post1 */,
				D8A83E801A55BA950047BBB6 /* Post1Tests */,
			);
		};
/* End PBXProject section */

/* Begin PBXResourcesBuildPhase section */
		D8A83E6A1A55BA950047BBB6 /* Resources */ = {
			isa = PBXResourcesBuildPhase;
			buildActionMask = 2147483647;
			files = (
				D8A83E771A55BA950047BBB6 /* Main.storyboard in Resources */,
				D8A83E921A55BE480047BBB6 /* SagradaFamilia.jpeg in Resources */,
				D8A83E941A55C2AB0047BBB6 /* AlbertEinsteinStamp.jpg in Resources */,
				D8A83E7C1A55BA950047BBB6 /* LaunchScreen.xib in Resources */,
				D8A83E791A55BA950047BBB6 /* Images.xcassets in Resources */,
			);
			runOnlyForDeploymentPostprocessing = 0;
		};
		D8A83E7F1A55BA950047BBB6 /* Resources */ = {
			isa = PBXResourcesBuildPhase;
			buildActionMask = 2147483647;
			files = (
			);
			runOnlyForDeploymentPostprocessing = 0;
		};
/* End PBXResourcesBuildPhase section */

/* Begin PBXSourcesBuildPhase section */
		D8A83E681A55BA950047BBB6 /* Sources */ = {
			isa = PBXSourcesBuildPhase;
			buildActionMask = 2147483647;
			files = (
				D8A83E741A55BA950047BBB6 /* ViewController.swift in Sources */,
				D8A83E721A55BA950047BBB6 /* AppDelegate.swift in Sources */,
			);
			runOnlyForDeploymentPostprocessing = 0;
		};
		D8A83E7D1A55BA950047BBB6 /* Sources */ = {
			isa = PBXSourcesBuildPhase;
			buildActionMask = 2147483647;
			files = (
				D8A83E881A55BA950047BBB6 /* Post1Tests.swift in Sources */,
			);
			runOnlyForDeploymentPostprocessing = 0;
		};
/* End PBXSourcesBuildPhase section */

/* Begin PBXTargetDependency section */
		D8A83E831A55BA950047BBB6 /* PBXTargetDependency */ = {
			isa = PBXTargetDependency;
			target = D8A83E6B1A55BA950047BBB6 /* Post1 */;
			targetProxy = D8A83E821A55BA950047BBB6 /* PBXContainerItemProxy */;
		};
/* End PBXTargetDependency section */

/* Begin PBXVariantGroup section */
		D8A83E751A55BA950047BBB6 /* Main.storyboard */ = {
			isa = PBXVariantGroup;
			children = (
				D8A83E761A55BA950047BBB6 /* Base */,
			);
			name = Main.storyboard;
			sourceTree = "<group>";
		};
		D8A83E7A1A55BA950047BBB6 /* LaunchScreen.xib */ = {
			isa = PBXVariantGroup;
			children = (
				D8A83E7B1A55BA950047BBB6 /* Base */,
			);
			name = LaunchScreen.xib;
			sourceTree = "<group>";
		};
/* End PBXVariantGroup section */

/* Begin XCBuildConfiguration section */
		D8A83E891A55BA950047BBB6 /* Debug */ = {
			isa = XCBuildConfiguration;
			buildSettings = {
				ALWAYS_SEARCH_USER_PATHS = NO;
				CLANG_CXX_LANGUAGE_STANDARD = "gnu++0x";
				CLANG_CXX_LIBRARY = "libc++";
				CLANG_ENABLE_MODULES = YES;
				CLANG_ENABLE_OBJC_ARC = YES;
				CLANG_WARN_BOOL_CONVERSION = YES;
				CLANG_WARN_CONSTANT_CONVERSION = YES;
				CLANG_WARN_DIRECT_OBJC_ISA_USAGE = YES_ERROR;
				CLANG_WARN_EMPTY_BODY = YES;
				CLANG_WARN_ENUM_CONVERSION = YES;
				CLANG_WARN_INT_CONVERSION = YES;
				CLANG_WARN_OBJC_ROOT_CLASS = YES_ERROR;
				CLANG_WARN_UNREACHABLE_CODE = YES;
				CLANG_WARN__DUPLICATE_METHOD_MATCH = YES;
				"CODE_SIGN_IDENTITY[sdk=iphoneos*]" = "iPhone Developer";
				COPY_PHASE_STRIP = NO;
				ENABLE_STRICT_OBJC_MSGSEND = YES;
				GCC_C_LANGUAGE_STANDARD = gnu99;
				GCC_DYNAMIC_NO_PIC = NO;
				GCC_OPTIMIZATION_LEVEL = 0;
				GCC_PREPROCESSOR_DEFINITIONS = (
					"DEBUG=1",
					"$(inherited)",
				);
				GCC_SYMBOLS_PRIVATE_EXTERN = NO;
				GCC_WARN_64_TO_32_BIT_CONVERSION = YES;
				GCC_WARN_ABOUT_RETURN_TYPE = YES_ERROR;
				GCC_WARN_UNDECLARED_SELECTOR = YES;
				GCC_WARN_UNINITIALIZED_AUTOS = YES_AGGRESSIVE;
				GCC_WARN_UNUSED_FUNCTION = YES;
				GCC_WARN_UNUSED_VARIABLE = YES;
				IPHONEOS_DEPLOYMENT_TARGET = 8.1;
				MTL_ENABLE_DEBUG_INFO = YES;
				ONLY_ACTIVE_ARCH = YES;
				SDKROOT = iphoneos;
				SWIFT_OPTIMIZATION_LEVEL = "-Onone";
				TARGETED_DEVICE_FAMILY = "1,2";
			};
			name = Debug;
		};
		D8A83E8A1A55BA950047BBB6 /* Release */ = {
			isa = XCBuildConfiguration;
			buildSettings = {
				ALWAYS_SEARCH_USER_PATHS = NO;
				CLANG_CXX_LANGUAGE_STANDARD = "gnu++0x";
				CLANG_CXX_LIBRARY = "libc++";
				CLANG_ENABLE_MODULES = YES;
				CLANG_ENABLE_OBJC_ARC = YES;
				CLANG_WARN_BOOL_CONVERSION = YES;
				CLANG_WARN_CONSTANT_CONVERSION = YES;
				CLANG_WARN_DIRECT_OBJC_ISA_USAGE = YES_ERROR;
				CLANG_WARN_EMPTY_BODY = YES;
				CLANG_WARN_ENUM_CONVERSION = YES;
				CLANG_WARN_INT_CONVERSION = YES;
				CLANG_WARN_OBJC_ROOT_CLASS = YES_ERROR;
				CLANG_WARN_UNREACHABLE_CODE = YES;
				CLANG_WARN__DUPLICATE_METHOD_MATCH = YES;
				"CODE_SIGN_IDENTITY[sdk=iphoneos*]" = "iPhone Developer";
				COPY_PHASE_STRIP = YES;
				ENABLE_NS_ASSERTIONS = NO;
				ENABLE_STRICT_OBJC_MSGSEND = YES;
				GCC_C_LANGUAGE_STANDARD = gnu99;
				GCC_WARN_64_TO_32_BIT_CONVERSION = YES;
				GCC_WARN_ABOUT_RETURN_TYPE = YES_ERROR;
				GCC_WARN_UNDECLARED_SELECTOR = YES;
				GCC_WARN_UNINITIALIZED_AUTOS = YES_AGGRESSIVE;
				GCC_WARN_UNUSED_FUNCTION = YES;
				GCC_WARN_UNUSED_VARIABLE = YES;
				IPHONEOS_DEPLOYMENT_TARGET = 8.1;
				MTL_ENABLE_DEBUG_INFO = NO;
				SDKROOT = iphoneos;
				TARGETED_DEVICE_FAMILY = "1,2";
				VALIDATE_PRODUCT = YES;
			};
			name = Release;
		};
		D8A83E8C1A55BA950047BBB6 /* Debug */ = {
			isa = XCBuildConfiguration;
			buildSettings = {
				ASSETCATALOG_COMPILER_APPICON_NAME = AppIcon;
				INFOPLIST_FILE = Post1/Info.plist;
				LD_RUNPATH_SEARCH_PATHS = "$(inherited) @executable_path/Frameworks";
				PRODUCT_NAME = "$(TARGET_NAME)";
			};
			name = Debug;
		};
		D8A83E8D1A55BA950047BBB6 /* Release */ = {
			isa = XCBuildConfiguration;
			buildSettings = {
				ASSETCATALOG_COMPILER_APPICON_NAME = AppIcon;
				INFOPLIST_FILE = Post1/Info.plist;
				LD_RUNPATH_SEARCH_PATHS = "$(inherited) @executable_path/Frameworks";
				PRODUCT_NAME = "$(TARGET_NAME)";
			};
			name = Release;
		};
		D8A83E8F1A55BA950047BBB6 /* Debug */ = {
			isa = XCBuildConfiguration;
			buildSettings = {
				BUNDLE_LOADER = "$(TEST_HOST)";
				FRAMEWORK_SEARCH_PATHS = (
					"$(SDKROOT)/Developer/Library/Frameworks",
					"$(inherited)",
				);
				GCC_PREPROCESSOR_DEFINITIONS = (
					"DEBUG=1",
					"$(inherited)",
				);
				INFOPLIST_FILE = Post1Tests/Info.plist;
				LD_RUNPATH_SEARCH_PATHS = "$(inherited) @executable_path/Frameworks @loader_path/Frameworks";
				PRODUCT_NAME = "$(TARGET_NAME)";
				TEST_HOST = "$(BUILT_PRODUCTS_DIR)/Post1.app/Post1";
			};
			name = Debug;
		};
		D8A83E901A55BA950047BBB6 /* Release */ = {
			isa = XCBuildConfiguration;
			buildSettings = {
				BUNDLE_LOADER = "$(TEST_HOST)";
				FRAMEWORK_SEARCH_PATHS = (
					"$(SDKROOT)/Developer/Library/Frameworks",
					"$(inherited)",
				);
				INFOPLIST_FILE = Post1Tests/Info.plist;
				LD_RUNPATH_SEARCH_PATHS = "$(inherited) @executable_path/Frameworks @loader_path/Frameworks";
				PRODUCT_NAME = "$(TARGET_NAME)";
				TEST_HOST = "$(BUILT_PRODUCTS_DIR)/Post1.app/Post1";
			};
			name = Release;
		};
/* End XCBuildConfiguration section */

/* Begin XCConfigurationList section */
		D8A83E671A55BA950047BBB6 /* Build configuration list for PBXProject "Post1" */ = {
			isa = XCConfigurationList;
			buildConfigurations = (
				D8A83E891A55BA950047BBB6 /* Debug */,
				D8A83E8A1A55BA950047BBB6 /* Release */,
			);
			defaultConfigurationIsVisible = 0;
			defaultConfigurationName = Release;
		};
		D8A83E8B1A55BA950047BBB6 /* Build configuration list for PBXNativeTarget "Post1" */ = {
			isa = XCConfigurationList;
			buildConfigurations = (
				D8A83E8C1A55BA950047BBB6 /* Debug */,
				D8A83E8D1A55BA950047BBB6 /* Release */,
			);
			defaultConfigurationIsVisible = 0;
		};
		D8A83E8E1A55BA950047BBB6 /* Build configuration list for PBXNativeTarget "Post1Tests" */ = {
			isa = XCConfigurationList;
			buildConfigurations = (
				D8A83E8F1A55BA950047BBB6 /* Debug */,
				D8A83E901A55BA950047BBB6 /* Release */,
			);
			defaultConfigurationIsVisible = 0;
		};
/* End XCConfigurationList section */
	};
	rootObject = D8A83E641A55BA950047BBB6 /* Project object */;
}
